
Microsoft Visual Studio Solution File, Format Version 12.00
# Visual Studio Version 17
VisualStudioVersion = 17.0.31903.59
MinimumVisualStudioVersion = 10.0.40219.1
Project("{2150E333-8FDC-42A3-9474-1A3956D46DE8}") = "src", "src", "{CDC61CAD-44EF-489D-8F18-4ADA9A236DD9}"
EndProject
Project("{FAE04EC0-301F-11D3-BF4B-00C04F79EFBC}") = "violetc", "src\violetc\violetc.csproj", "{A3788CF6-14D9-46B3-A049-0222A8DF808A}"
EndProject
Project("{FAE04EC0-301F-11D3-BF4B-00C04F79EFBC}") = "Violet.Language", "src\Violet.Language\Violet.Language.csproj", "{5E479965-579F-4FB9-91A4-D4808A2583EC}"
EndProject
Project("{2150E333-8FDC-42A3-9474-1A3956D46DE8}") = "tests", "tests", "{50361809-C3DD-48DD-B517-1AC9BC120288}"
EndProject
Project("{FAE04EC0-301F-11D3-BF4B-00C04F79EFBC}") = "Violet.Language.Tests", "tests\Violet.Language.Tests\Violet.Language.Tests.csproj", "{3D12C00F-A8DE-46A4-BD07-371537E64298}"
EndProject
Project("{2150E333-8FDC-42A3-9474-1A3956D46DE8}") = "root", "root", "{F8F48377-CE61-43F1-9105-C23F94B757A3}"
	ProjectSection(SolutionItems) = preProject
		.editorconfig = .editorconfig
		Directory.Build.props = Directory.Build.props
	EndProjectSection
EndProject
Global
	GlobalSection(SolutionConfigurationPlatforms) = preSolution
		Debug|Any CPU = Debug|Any CPU
		Release|Any CPU = Release|Any CPU
	EndGlobalSection
	GlobalSection(SolutionProperties) = preSolution
		HideSolutionNode = FALSE
	EndGlobalSection
	GlobalSection(ProjectConfigurationPlatforms) = postSolution
		{A3788CF6-14D9-46B3-A049-0222A8DF808A}.Debug|Any CPU.ActiveCfg = Debug|Any CPU
		{A3788CF6-14D9-46B3-A049-0222A8DF808A}.Debug|Any CPU.Build.0 = Debug|Any CPU
		{A3788CF6-14D9-46B3-A049-0222A8DF808A}.Release|Any CPU.ActiveCfg = Release|Any CPU
		{A3788CF6-14D9-46B3-A049-0222A8DF808A}.Release|Any CPU.Build.0 = Release|Any CPU
		{5E479965-579F-4FB9-91A4-D4808A2583EC}.Debug|Any CPU.ActiveCfg = Debug|Any CPU
		{5E479965-579F-4FB9-91A4-D4808A2583EC}.Debug|Any CPU.Build.0 = Debug|Any CPU
		{5E479965-579F-4FB9-91A4-D4808A2583EC}.Release|Any CPU.ActiveCfg = Release|Any CPU
		{5E479965-579F-4FB9-91A4-D4808A2583EC}.Release|Any CPU.Build.0 = Release|Any CPU
		{3D12C00F-A8DE-46A4-BD07-371537E64298}.Debug|Any CPU.ActiveCfg = Debug|Any CPU
		{3D12C00F-A8DE-46A4-BD07-371537E64298}.Debug|Any CPU.Build.0 = Debug|Any CPU
		{3D12C00F-A8DE-46A4-BD07-371537E64298}.Release|Any CPU.ActiveCfg = Release|Any CPU
		{3D12C00F-A8DE-46A4-BD07-371537E64298}.Release|Any CPU.Build.0 = Release|Any CPU
	EndGlobalSection
	GlobalSection(NestedProjects) = preSolution
		{A3788CF6-14D9-46B3-A049-0222A8DF808A} = {CDC61CAD-44EF-489D-8F18-4ADA9A236DD9}
		{5E479965-579F-4FB9-91A4-D4808A2583EC} = {CDC61CAD-44EF-489D-8F18-4ADA9A236DD9}
		{3D12C00F-A8DE-46A4-BD07-371537E64298} = {50361809-C3DD-48DD-B517-1AC9BC120288}
	EndGlobalSection
EndGlobal
